
Microsoft Visual Studio Solution File, Format Version 12.00
# Visual Studio Version 17
VisualStudioVersion = 17.2.32516.85
MinimumVisualStudioVersion = 10.0.40219.1
Project("{9A19103F-16F7-4668-BE54-9A1E7A4F7556}") = "ClientProj", "CNA Project\ClientProj.csproj", "{AE55690C-1F6C-47D2-AE66-B20AF3C12B0D}"
EndProject
Project("{FAE04EC0-301F-11D3-BF4B-00C04F79EFBC}") = "SeverProj", "SeverProj\SeverProj.csproj", "{A8A3FF9F-FE99-4AD4-AE5F-596432A928FD}"
EndProject
Global
	GlobalSection(SolutionConfigurationPlatforms) = preSolution
		Debug|Any CPU = Debug|Any CPU
		Release|Any CPU = Release|Any CPU
	EndGlobalSection
	GlobalSection(ProjectConfigurationPlatforms) = postSolution
		{AE55690C-1F6C-47D2-AE66-B20AF3C12B0D}.Debug|Any CPU.ActiveCfg = Debug|Any CPU
		{AE55690C-1F6C-47D2-AE66-B20AF3C12B0D}.Debug|Any CPU.Build.0 = Debug|Any CPU
		{AE55690C-1F6C-47D2-AE66-B20AF3C12B0D}.Release|Any CPU.ActiveCfg = Release|Any CPU
		{AE55690C-1F6C-47D2-AE66-B20AF3C12B0D}.Release|Any CPU.Build.0 = Release|Any CPU
		{A8A3FF9F-FE99-4AD4-AE5F-596432A928FD}.Debug|Any CPU.ActiveCfg = Debug|Any CPU
		{A8A3FF9F-FE99-4AD4-AE5F-596432A928FD}.Debug|Any CPU.Build.0 = Debug|Any CPU
		{A8A3FF9F-FE99-4AD4-AE5F-596432A928FD}.Release|Any CPU.ActiveCfg = Release|Any CPU
		{A8A3FF9F-FE99-4AD4-AE5F-596432A928FD}.Release|Any CPU.Build.0 = Release|Any CPU
	EndGlobalSection
	GlobalSection(SolutionProperties) = preSolution
		HideSolutionNode = FALSE
	EndGlobalSection
	GlobalSection(ExtensibilityGlobals) = postSolution
		SolutionGuid = {97D363C2-BAF8-42CC-A5FC-319E70A0E54C}
	EndGlobalSection
EndGlobal
